{
  "meteor": {},
  "dependencies": {
    "basePackages": {
      "twitter-api": {
        "git": "https://github.com/amaygurov/meteor-twitter-api.git",
        "branch": "master"
      },
      "scss": {},
      "googleAnalytics": {}
    },
    "packages": {
      "twitter-api": {
        "git": "https://github.com/amaygurov/meteor-twitter-api.git",
        "branch": "master",
        "commit": "70e8567cc3312bfa9fcd43634ee71d624060183f"
      },
      "scss": {
        "git": "https://github.com/fourseven/meteor-scss.git",
        "tag": "v0.8.4",
        "commit": "11af0da643944d241fe7d173af76162c4b670dee"
      },
      "googleAnalytics": {
        "git": "https://github.com/yasaricli/googleAnalytics.git",
        "tag": "v0.0.8",
        "commit": "2c47f147d64554e870c7c02691d5c2efde040ee3"
      }
    }
  }
}
